// !$*UTF8*$!
{
	archiveVersion = 1;
	classes = {
	};
	objectVersion = 50;
	objects = {

/* Begin PBXBuildFile section */
		2178177D25C2F81D00D38994 /* AppDelegate.swift in Sources */ = {isa = PBXBuildFile; fileRef = 2178177C25C2F81D00D38994 /* AppDelegate.swift */; };
		2178177F25C2F81D00D38994 /* SceneDelegate.swift in Sources */ = {isa = PBXBuildFile; fileRef = 2178177E25C2F81D00D38994 /* SceneDelegate.swift */; };
		2178178125C2F81D00D38994 /* WeightViewController.swift in Sources */ = {isa = PBXBuildFile; fileRef = 2178178025C2F81D00D38994 /* WeightViewController.swift */; };
		2178178425C2F81D00D38994 /* Main.storyboard in Resources */ = {isa = PBXBuildFile; fileRef = 2178178225C2F81D00D38994 /* Main.storyboard */; };
		2178178625C2F82100D38994 /* Assets.xcassets in Resources */ = {isa = PBXBuildFile; fileRef = 2178178525C2F82100D38994 /* Assets.xcassets */; };
		2178178925C2F82100D38994 /* LaunchScreen.storyboard in Resources */ = {isa = PBXBuildFile; fileRef = 2178178725C2F82100D38994 /* LaunchScreen.storyboard */; };
		2178179425C2F82200D38994 /* UnitConvertTests.swift in Sources */ = {isa = PBXBuildFile; fileRef = 2178179325C2F82200D38994 /* UnitConvertTests.swift */; };
		2178179F25C2F82200D38994 /* UnitConvertUITests.swift in Sources */ = {isa = PBXBuildFile; fileRef = 2178179E25C2F82200D38994 /* UnitConvertUITests.swift */; };
		217817B325C2FA3100D38994 /* TemperatureViewController.swift in Sources */ = {isa = PBXBuildFile; fileRef = 217817B225C2FA3100D38994 /* TemperatureViewController.swift */; };
		217817B825C2FA6900D38994 /* DistanceViewController.swift in Sources */ = {isa = PBXBuildFile; fileRef = 217817B725C2FA6900D38994 /* DistanceViewController.swift */; };
		217817C025C2FA9B00D38994 /* SpeedViewController.swift in Sources */ = {isa = PBXBuildFile; fileRef = 217817BF25C2FA9B00D38994 /* SpeedViewController.swift */; };
		217817CB25C3083D00D38994 /* WeightConverter.swift in Sources */ = {isa = PBXBuildFile; fileRef = 217817CA25C3083D00D38994 /* WeightConverter.swift */; };
		217817D325C3087F00D38994 /* TemperatureConverter.swift in Sources */ = {isa = PBXBuildFile; fileRef = 217817D225C3087F00D38994 /* TemperatureConverter.swift */; };
		217817D825C308A500D38994 /* DistanceConverter.swift in Sources */ = {isa = PBXBuildFile; fileRef = 217817D725C308A500D38994 /* DistanceConverter.swift */; };
		217817DD25C308CA00D38994 /* SpeedConverter.swift in Sources */ = {isa = PBXBuildFile; fileRef = 217817DC25C308CA00D38994 /* SpeedConverter.swift */; };
/* End PBXBuildFile section */

/* Begin PBXContainerItemProxy section */
		2178179025C2F82200D38994 /* PBXContainerItemProxy */ = {
			isa = PBXContainerItemProxy;
			containerPortal = 2178177125C2F81D00D38994 /* Project object */;
			proxyType = 1;
			remoteGlobalIDString = 2178177825C2F81D00D38994;
			remoteInfo = UnitConvert;
		};
		2178179B25C2F82200D38994 /* PBXContainerItemProxy */ = {
			isa = PBXContainerItemProxy;
			containerPortal = 2178177125C2F81D00D38994 /* Project object */;
			proxyType = 1;
			remoteGlobalIDString = 2178177825C2F81D00D38994;
			remoteInfo = UnitConvert;
		};
/* End PBXContainerItemProxy section */

/* Begin PBXFileReference section */
		2178177925C2F81D00D38994 /* UnitConvert.app */ = {isa = PBXFileReference; explicitFileType = wrapper.application; includeInIndex = 0; path = UnitConvert.app; sourceTree = BUILT_PRODUCTS_DIR; };
		2178177C25C2F81D00D38994 /* AppDelegate.swift */ = {isa = PBXFileReference; lastKnownFileType = sourcecode.swift; path = AppDelegate.swift; sourceTree = "<group>"; };
		2178177E25C2F81D00D38994 /* SceneDelegate.swift */ = {isa = PBXFileReference; lastKnownFileType = sourcecode.swift; path = SceneDelegate.swift; sourceTree = "<group>"; };
		2178178025C2F81D00D38994 /* WeightViewController.swift */ = {isa = PBXFileReference; lastKnownFileType = sourcecode.swift; path = WeightViewController.swift; sourceTree = "<group>"; };
		2178178325C2F81D00D38994 /* Base */ = {isa = PBXFileReference; lastKnownFileType = file.storyboard; name = Base; path = Base.lproj/Main.storyboard; sourceTree = "<group>"; };
		2178178525C2F82100D38994 /* Assets.xcassets */ = {isa = PBXFileReference; lastKnownFileType = folder.assetcatalog; path = Assets.xcassets; sourceTree = "<group>"; };
		2178178825C2F82100D38994 /* Base */ = {isa = PBXFileReference; lastKnownFileType = file.storyboard; name = Base; path = Base.lproj/LaunchScreen.storyboard; sourceTree = "<group>"; };
		2178178A25C2F82100D38994 /* Info.plist */ = {isa = PBXFileReference; lastKnownFileType = text.plist.xml; path = Info.plist; sourceTree = "<group>"; };
		2178178F25C2F82200D38994 /* UnitConvertTests.xctest */ = {isa = PBXFileReference; explicitFileType = wrapper.cfbundle; includeInIndex = 0; path = UnitConvertTests.xctest; sourceTree = BUILT_PRODUCTS_DIR; };
		2178179325C2F82200D38994 /* UnitConvertTests.swift */ = {isa = PBXFileReference; lastKnownFileType = sourcecode.swift; path = UnitConvertTests.swift; sourceTree = "<group>"; };
		2178179525C2F82200D38994 /* Info.plist */ = {isa = PBXFileReference; lastKnownFileType = text.plist.xml; path = Info.plist; sourceTree = "<group>"; };
		2178179A25C2F82200D38994 /* UnitConvertUITests.xctest */ = {isa = PBXFileReference; explicitFileType = wrapper.cfbundle; includeInIndex = 0; path = UnitConvertUITests.xctest; sourceTree = BUILT_PRODUCTS_DIR; };
		2178179E25C2F82200D38994 /* UnitConvertUITests.swift */ = {isa = PBXFileReference; lastKnownFileType = sourcecode.swift; path = UnitConvertUITests.swift; sourceTree = "<group>"; };
		217817A025C2F82200D38994 /* Info.plist */ = {isa = PBXFileReference; lastKnownFileType = text.plist.xml; path = Info.plist; sourceTree = "<group>"; };
		217817B225C2FA3100D38994 /* TemperatureViewController.swift */ = {isa = PBXFileReference; lastKnownFileType = sourcecode.swift; path = TemperatureViewController.swift; sourceTree = "<group>"; };
		217817B725C2FA6900D38994 /* DistanceViewController.swift */ = {isa = PBXFileReference; lastKnownFileType = sourcecode.swift; path = DistanceViewController.swift; sourceTree = "<group>"; };
		217817BF25C2FA9B00D38994 /* SpeedViewController.swift */ = {isa = PBXFileReference; lastKnownFileType = sourcecode.swift; path = SpeedViewController.swift; sourceTree = "<group>"; };
		217817CA25C3083D00D38994 /* WeightConverter.swift */ = {isa = PBXFileReference; lastKnownFileType = sourcecode.swift; path = WeightConverter.swift; sourceTree = "<group>"; };
		217817D225C3087F00D38994 /* TemperatureConverter.swift */ = {isa = PBXFileReference; lastKnownFileType = sourcecode.swift; path = TemperatureConverter.swift; sourceTree = "<group>"; };
		217817D725C308A500D38994 /* DistanceConverter.swift */ = {isa = PBXFileReference; lastKnownFileType = sourcecode.swift; path = DistanceConverter.swift; sourceTree = "<group>"; };
		217817DC25C308CA00D38994 /* SpeedConverter.swift */ = {isa = PBXFileReference; lastKnownFileType = sourcecode.swift; path = SpeedConverter.swift; sourceTree = "<group>"; };
/* End PBXFileReference section */

/* Begin PBXFrameworksBuildPhase section */
		2178177625C2F81D00D38994 /* Frameworks */ = {
			isa = PBXFrameworksBuildPhase;
			buildActionMask = 2147483647;
			files = (
			);
			runOnlyForDeploymentPostprocessing = 0;
		};
		2178178C25C2F82200D38994 /* Frameworks */ = {
			isa = PBXFrameworksBuildPhase;
			buildActionMask = 2147483647;
			files = (
			);
			runOnlyForDeploymentPostprocessing = 0;
		};
		2178179725C2F82200D38994 /* Frameworks */ = {
			isa = PBXFrameworksBuildPhase;
			buildActionMask = 2147483647;
			files = (
			);
			runOnlyForDeploymentPostprocessing = 0;
		};
/* End PBXFrameworksBuildPhase section */

/* Begin PBXGroup section */
		2178177025C2F81D00D38994 = {
			isa = PBXGroup;
			children = (
				2178177B25C2F81D00D38994 /* UnitConvert */,
				2178179225C2F82200D38994 /* UnitConvertTests */,
				2178179D25C2F82200D38994 /* UnitConvertUITests */,
				2178177A25C2F81D00D38994 /* Products */,
			);
			sourceTree = "<group>";
		};
		2178177A25C2F81D00D38994 /* Products */ = {
			isa = PBXGroup;
			children = (
				2178177925C2F81D00D38994 /* UnitConvert.app */,
				2178178F25C2F82200D38994 /* UnitConvertTests.xctest */,
				2178179A25C2F82200D38994 /* UnitConvertUITests.xctest */,
			);
			name = Products;
			sourceTree = "<group>";
		};
		2178177B25C2F81D00D38994 /* UnitConvert */ = {
			isa = PBXGroup;
			children = (
				2178177C25C2F81D00D38994 /* AppDelegate.swift */,
				2178177E25C2F81D00D38994 /* SceneDelegate.swift */,
				2178178025C2F81D00D38994 /* WeightViewController.swift */,
				217817CA25C3083D00D38994 /* WeightConverter.swift */,
				217817B225C2FA3100D38994 /* TemperatureViewController.swift */,
				217817D225C3087F00D38994 /* TemperatureConverter.swift */,
				217817B725C2FA6900D38994 /* DistanceViewController.swift */,
				217817D725C308A500D38994 /* DistanceConverter.swift */,
				217817BF25C2FA9B00D38994 /* SpeedViewController.swift */,
				217817DC25C308CA00D38994 /* SpeedConverter.swift */,
				2178178225C2F81D00D38994 /* Main.storyboard */,
				2178178525C2F82100D38994 /* Assets.xcassets */,
				2178178725C2F82100D38994 /* LaunchScreen.storyboard */,
				2178178A25C2F82100D38994 /* Info.plist */,
			);
			path = UnitConvert;
			sourceTree = "<group>";
		};
		2178179225C2F82200D38994 /* UnitConvertTests */ = {
			isa = PBXGroup;
			children = (
				2178179325C2F82200D38994 /* UnitConvertTests.swift */,
				2178179525C2F82200D38994 /* Info.plist */,
			);
			path = UnitConvertTests;
			sourceTree = "<group>";
		};
		2178179D25C2F82200D38994 /* UnitConvertUITests */ = {
			isa = PBXGroup;
			children = (
				2178179E25C2F82200D38994 /* UnitConvertUITests.swift */,
				217817A025C2F82200D38994 /* Info.plist */,
			);
			path = UnitConvertUITests;
			sourceTree = "<group>";
		};
/* End PBXGroup section */

/* Begin PBXNativeTarget section */
		2178177825C2F81D00D38994 /* UnitConvert */ = {
			isa = PBXNativeTarget;
			buildConfigurationList = 217817A325C2F82200D38994 /* Build configuration list for PBXNativeTarget "UnitConvert" */;
			buildPhases = (
				2178177525C2F81D00D38994 /* Sources */,
				2178177625C2F81D00D38994 /* Frameworks */,
				2178177725C2F81D00D38994 /* Resources */,
			);
			buildRules = (
			);
			dependencies = (
			);
			name = UnitConvert;
			productName = UnitConvert;
			productReference = 2178177925C2F81D00D38994 /* UnitConvert.app */;
			productType = "com.apple.product-type.application";
		};
		2178178E25C2F82200D38994 /* UnitConvertTests */ = {
			isa = PBXNativeTarget;
			buildConfigurationList = 217817A625C2F82200D38994 /* Build configuration list for PBXNativeTarget "UnitConvertTests" */;
			buildPhases = (
				2178178B25C2F82200D38994 /* Sources */,
				2178178C25C2F82200D38994 /* Frameworks */,
				2178178D25C2F82200D38994 /* Resources */,
			);
			buildRules = (
			);
			dependencies = (
				2178179125C2F82200D38994 /* PBXTargetDependency */,
			);
			name = UnitConvertTests;
			productName = UnitConvertTests;
			productReference = 2178178F25C2F82200D38994 /* UnitConvertTests.xctest */;
			productType = "com.apple.product-type.bundle.unit-test";
		};
		2178179925C2F82200D38994 /* UnitConvertUITests */ = {
			isa = PBXNativeTarget;
			buildConfigurationList = 217817A925C2F82200D38994 /* Build configuration list for PBXNativeTarget "UnitConvertUITests" */;
			buildPhases = (
				2178179625C2F82200D38994 /* Sources */,
				2178179725C2F82200D38994 /* Frameworks */,
				2178179825C2F82200D38994 /* Resources */,
			);
			buildRules = (
			);
			dependencies = (
				2178179C25C2F82200D38994 /* PBXTargetDependency */,
			);
			name = UnitConvertUITests;
			productName = UnitConvertUITests;
			productReference = 2178179A25C2F82200D38994 /* UnitConvertUITests.xctest */;
			productType = "com.apple.product-type.bundle.ui-testing";
		};
/* End PBXNativeTarget section */

/* Begin PBXProject section */
		2178177125C2F81D00D38994 /* Project object */ = {
			isa = PBXProject;
			attributes = {
				LastSwiftUpdateCheck = 1240;
				LastUpgradeCheck = 1240;
				TargetAttributes = {
					2178177825C2F81D00D38994 = {
						CreatedOnToolsVersion = 12.4;
					};
					2178178E25C2F82200D38994 = {
						CreatedOnToolsVersion = 12.4;
						TestTargetID = 2178177825C2F81D00D38994;
					};
					2178179925C2F82200D38994 = {
						CreatedOnToolsVersion = 12.4;
						TestTargetID = 2178177825C2F81D00D38994;
					};
				};
			};
			buildConfigurationList = 2178177425C2F81D00D38994 /* Build configuration list for PBXProject "UnitConvert" */;
			compatibilityVersion = "Xcode 9.3";
			developmentRegion = en;
			hasScannedForEncodings = 0;
			knownRegions = (
				en,
				Base,
			);
			mainGroup = 2178177025C2F81D00D38994;
			productRefGroup = 2178177A25C2F81D00D38994 /* Products */;
			projectDirPath = "";
			projectRoot = "";
			targets = (
				2178177825C2F81D00D38994 /* UnitConvert */,
				2178178E25C2F82200D38994 /* UnitConvertTests */,
				2178179925C2F82200D38994 /* UnitConvertUITests */,
			);
		};
/* End PBXProject section */

/* Begin PBXResourcesBuildPhase section */
		2178177725C2F81D00D38994 /* Resources */ = {
			isa = PBXResourcesBuildPhase;
			buildActionMask = 2147483647;
			files = (
				2178178925C2F82100D38994 /* LaunchScreen.storyboard in Resources */,
				2178178625C2F82100D38994 /* Assets.xcassets in Resources */,
				2178178425C2F81D00D38994 /* Main.storyboard in Resources */,
			);
			runOnlyForDeploymentPostprocessing = 0;
		};
		2178178D25C2F82200D38994 /* Resources */ = {
			isa = PBXResourcesBuildPhase;
			buildActionMask = 2147483647;
			files = (
			);
			runOnlyForDeploymentPostprocessing = 0;
		};
		2178179825C2F82200D38994 /* Resources */ = {
			isa = PBXResourcesBuildPhase;
			buildActionMask = 2147483647;
			files = (
			);
			runOnlyForDeploymentPostprocessing = 0;
		};
/* End PBXResourcesBuildPhase section */

/* Begin PBXSourcesBuildPhase section */
		2178177525C2F81D00D38994 /* Sources */ = {
			isa = PBXSourcesBuildPhase;
			buildActionMask = 2147483647;
			files = (
				217817C025C2FA9B00D38994 /* SpeedViewController.swift in Sources */,
				217817CB25C3083D00D38994 /* WeightConverter.swift in Sources */,
				2178178125C2F81D00D38994 /* WeightViewController.swift in Sources */,
				217817D325C3087F00D38994 /* TemperatureConverter.swift in Sources */,
				217817DD25C308CA00D38994 /* SpeedConverter.swift in Sources */,
				2178177D25C2F81D00D38994 /* AppDelegate.swift in Sources */,
				2178177F25C2F81D00D38994 /* SceneDelegate.swift in Sources */,
				217817B825C2FA6900D38994 /* DistanceViewController.swift in Sources */,
				217817B325C2FA3100D38994 /* TemperatureViewController.swift in Sources */,
				217817D825C308A500D38994 /* DistanceConverter.swift in Sources */,
			);
			runOnlyForDeploymentPostprocessing = 0;
		};
		2178178B25C2F82200D38994 /* Sources */ = {
			isa = PBXSourcesBuildPhase;
			buildActionMask = 2147483647;
			files = (
				2178179425C2F82200D38994 /* UnitConvertTests.swift in Sources */,
			);
			runOnlyForDeploymentPostprocessing = 0;
		};
		2178179625C2F82200D38994 /* Sources */ = {
			isa = PBXSourcesBuildPhase;
			buildActionMask = 2147483647;
			files = (
				2178179F25C2F82200D38994 /* UnitConvertUITests.swift in Sources */,
			);
			runOnlyForDeploymentPostprocessing = 0;
		};
/* End PBXSourcesBuildPhase section */

/* Begin PBXTargetDependency section */
		2178179125C2F82200D38994 /* PBXTargetDependency */ = {
			isa = PBXTargetDependency;
			target = 2178177825C2F81D00D38994 /* UnitConvert */;
			targetProxy = 2178179025C2F82200D38994 /* PBXContainerItemProxy */;
		};
		2178179C25C2F82200D38994 /* PBXTargetDependency */ = {
			isa = PBXTargetDependency;
			target = 2178177825C2F81D00D38994 /* UnitConvert */;
			targetProxy = 2178179B25C2F82200D38994 /* PBXContainerItemProxy */;
		};
/* End PBXTargetDependency section */

/* Begin PBXVariantGroup section */
		2178178225C2F81D00D38994 /* Main.storyboard */ = {
			isa = PBXVariantGroup;
			children = (
				2178178325C2F81D00D38994 /* Base */,
			);
			name = Main.storyboard;
			sourceTree = "<group>";
		};
		2178178725C2F82100D38994 /* LaunchScreen.storyboard */ = {
			isa = PBXVariantGroup;
			children = (
				2178178825C2F82100D38994 /* Base */,
			);
			name = LaunchScreen.storyboard;
			sourceTree = "<group>";
		};
/* End PBXVariantGroup section */

/* Begin XCBuildConfiguration section */
		217817A125C2F82200D38994 /* Debug */ = {
			isa = XCBuildConfiguration;
			buildSettings = {
				ALWAYS_SEARCH_USER_PATHS = NO;
				CLANG_ANALYZER_NONNULL = YES;
				CLANG_ANALYZER_NUMBER_OBJECT_CONVERSION = YES_AGGRESSIVE;
				CLANG_CXX_LANGUAGE_STANDARD = "gnu++14";
				CLANG_CXX_LIBRARY = "libc++";
				CLANG_ENABLE_MODULES = YES;
				CLANG_ENABLE_OBJC_ARC = YES;
				CLANG_ENABLE_OBJC_WEAK = YES;
				CLANG_WARN_BLOCK_CAPTURE_AUTORELEASING = YES;
				CLANG_WARN_BOOL_CONVERSION = YES;
				CLANG_WARN_COMMA = YES;
				CLANG_WARN_CONSTANT_CONVERSION = YES;
				CLANG_WARN_DEPRECATED_OBJC_IMPLEMENTATIONS = YES;
				CLANG_WARN_DIRECT_OBJC_ISA_USAGE = YES_ERROR;
				CLANG_WARN_DOCUMENTATION_COMMENTS = YES;
				CLANG_WARN_EMPTY_BODY = YES;
				CLANG_WARN_ENUM_CONVERSION = YES;
				CLANG_WARN_INFINITE_RECURSION = YES;
				CLANG_WARN_INT_CONVERSION = YES;
				CLANG_WARN_NON_LITERAL_NULL_CONVERSION = YES;
				CLANG_WARN_OBJC_IMPLICIT_RETAIN_SELF = YES;
				CLANG_WARN_OBJC_LITERAL_CONVERSION = YES;
				CLANG_WARN_OBJC_ROOT_CLASS = YES_ERROR;
				CLANG_WARN_QUOTED_INCLUDE_IN_FRAMEWORK_HEADER = YES;
				CLANG_WARN_RANGE_LOOP_ANALYSIS = YES;
				CLANG_WARN_STRICT_PROTOTYPES = YES;
				CLANG_WARN_SUSPICIOUS_MOVE = YES;
				CLANG_WARN_UNGUARDED_AVAILABILITY = YES_AGGRESSIVE;
				CLANG_WARN_UNREACHABLE_CODE = YES;
				CLANG_WARN__DUPLICATE_METHOD_MATCH = YES;
				COPY_PHASE_STRIP = NO;
				DEBUG_INFORMATION_FORMAT = dwarf;
				ENABLE_STRICT_OBJC_MSGSEND = YES;
				ENABLE_TESTABILITY = YES;
				GCC_C_LANGUAGE_STANDARD = gnu11;
				GCC_DYNAMIC_NO_PIC = NO;
				GCC_NO_COMMON_BLOCKS = YES;
				GCC_OPTIMIZATION_LEVEL = 0;
				GCC_PREPROCESSOR_DEFINITIONS = (
					"DEBUG=1",
					"$(inherited)",
				);
				GCC_WARN_64_TO_32_BIT_CONVERSION = YES;
				GCC_WARN_ABOUT_RETURN_TYPE = YES_ERROR;
				GCC_WARN_UNDECLARED_SELECTOR = YES;
				GCC_WARN_UNINITIALIZED_AUTOS = YES_AGGRESSIVE;
				GCC_WARN_UNUSED_FUNCTION = YES;
				GCC_WARN_UNUSED_VARIABLE = YES;
				IPHONEOS_DEPLOYMENT_TARGET = 14.4;
				MTL_ENABLE_DEBUG_INFO = INCLUDE_SOURCE;
				MTL_FAST_MATH = YES;
				ONLY_ACTIVE_ARCH = YES;
				SDKROOT = iphoneos;
				SWIFT_ACTIVE_COMPILATION_CONDITIONS = DEBUG;
				SWIFT_OPTIMIZATION_LEVEL = "-Onone";
			};
			name = Debug;
		};
		217817A225C2F82200D38994 /* Release */ = {
			isa = XCBuildConfiguration;
			buildSettings = {
				ALWAYS_SEARCH_USER_PATHS = NO;
				CLANG_ANALYZER_NONNULL = YES;
				CLANG_ANALYZER_NUMBER_OBJECT_CONVERSION = YES_AGGRESSIVE;
				CLANG_CXX_LANGUAGE_STANDARD = "gnu++14";
				CLANG_CXX_LIBRARY = "libc++";
				CLANG_ENABLE_MODULES = YES;
				CLANG_ENABLE_OBJC_ARC = YES;
				CLANG_ENABLE_OBJC_WEAK = YES;
				CLANG_WARN_BLOCK_CAPTURE_AUTORELEASING = YES;
				CLANG_WARN_BOOL_CONVERSION = YES;
				CLANG_WARN_COMMA = YES;
				CLANG_WARN_CONSTANT_CONVERSION = YES;
				CLANG_WARN_DEPRECATED_OBJC_IMPLEMENTATIONS = YES;
				CLANG_WARN_DIRECT_OBJC_ISA_USAGE = YES_ERROR;
				CLANG_WARN_DOCUMENTATION_COMMENTS = YES;
				CLANG_WARN_EMPTY_BODY = YES;
				CLANG_WARN_ENUM_CONVERSION = YES;
				CLANG_WARN_INFINITE_RECURSION = YES;
				CLANG_WARN_INT_CONVERSION = YES;
				CLANG_WARN_NON_LITERAL_NULL_CONVERSION = YES;
				CLANG_WARN_OBJC_IMPLICIT_RETAIN_SELF = YES;
				CLANG_WARN_OBJC_LITERAL_CONVERSION = YES;
				CLANG_WARN_OBJC_ROOT_CLASS = YES_ERROR;
				CLANG_WARN_QUOTED_INCLUDE_IN_FRAMEWORK_HEADER = YES;
				CLANG_WARN_RANGE_LOOP_ANALYSIS = YES;
				CLANG_WARN_STRICT_PROTOTYPES = YES;
				CLANG_WARN_SUSPICIOUS_MOVE = YES;
				CLANG_WARN_UNGUARDED_AVAILABILITY = YES_AGGRESSIVE;
				CLANG_WARN_UNREACHABLE_CODE = YES;
				CLANG_WARN__DUPLICATE_METHOD_MATCH = YES;
				COPY_PHASE_STRIP = NO;
				DEBUG_INFORMATION_FORMAT = "dwarf-with-dsym";
				ENABLE_NS_ASSERTIONS = NO;
				ENABLE_STRICT_OBJC_MSGSEND = YES;
				GCC_C_LANGUAGE_STANDARD = gnu11;
				GCC_NO_COMMON_BLOCKS = YES;
				GCC_WARN_64_TO_32_BIT_CONVERSION = YES;
				GCC_WARN_ABOUT_RETURN_TYPE = YES_ERROR;
				GCC_WARN_UNDECLARED_SELECTOR = YES;
				GCC_WARN_UNINITIALIZED_AUTOS = YES_AGGRESSIVE;
				GCC_WARN_UNUSED_FUNCTION = YES;
				GCC_WARN_UNUSED_VARIABLE = YES;
				IPHONEOS_DEPLOYMENT_TARGET = 14.4;
				MTL_ENABLE_DEBUG_INFO = NO;
				MTL_FAST_MATH = YES;
				SDKROOT = iphoneos;
				SWIFT_COMPILATION_MODE = wholemodule;
				SWIFT_OPTIMIZATION_LEVEL = "-O";
				VALIDATE_PRODUCT = YES;
			};
			name = Release;
		};
		217817A425C2F82200D38994 /* Debug */ = {
			isa = XCBuildConfiguration;
			buildSettings = {
				ASSETCATALOG_COMPILER_APPICON_NAME = AppIcon;
				ASSETCATALOG_COMPILER_GLOBAL_ACCENT_COLOR_NAME = AccentColor;
				CODE_SIGN_STYLE = Automatic;
				DEVELOPMENT_TEAM = GL92UNQ3FG;
				INFOPLIST_FILE = UnitConvert/Info.plist;
				LD_RUNPATH_SEARCH_PATHS = (
					"$(inherited)",
					"@executable_path/Frameworks",
				);
				PRODUCT_BUNDLE_IDENTIFIER = "JANTEL-CORP.UnitConvert";
				PRODUCT_NAME = "$(TARGET_NAME)";
				SWIFT_VERSION = 5.0;
				TARGETED_DEVICE_FAMILY = "1,2";
			};
			name = Debug;
		};
		217817A525C2F82200D38994 /* Release */ = {
			isa = XCBuildConfiguration;
			buildSettings = {
				ASSETCATALOG_COMPILER_APPICON_NAME = AppIcon;
				ASSETCATALOG_COMPILER_GLOBAL_ACCENT_COLOR_NAME = AccentColor;
				CODE_SIGN_STYLE = Automatic;
				DEVELOPMENT_TEAM = GL92UNQ3FG;
				INFOPLIST_FILE = UnitConvert/Info.plist;
				LD_RUNPATH_SEARCH_PATHS = (
					"$(inherited)",
					"@executable_path/Frameworks",
				);
				PRODUCT_BUNDLE_IDENTIFIER = "JANTEL-CORP.UnitConvert";
				PRODUCT_NAME = "$(TARGET_NAME)";
				SWIFT_VERSION = 5.0;
				TARGETED_DEVICE_FAMILY = "1,2";
			};
			name = Release;
		};
		217817A725C2F82200D38994 /* Debug */ = {
			isa = XCBuildConfiguration;
			buildSettings = {
				ALWAYS_EMBED_SWIFT_STANDARD_LIBRARIES = YES;
				BUNDLE_LOADER = "$(TEST_HOST)";
				CODE_SIGN_STYLE = Automatic;
				DEVELOPMENT_TEAM = GL92UNQ3FG;
				INFOPLIST_FILE = UnitConvertTests/Info.plist;
				IPHONEOS_DEPLOYMENT_TARGET = 14.4;
				LD_RUNPATH_SEARCH_PATHS = (
					"$(inherited)",
					"@executable_path/Frameworks",
					"@loader_path/Frameworks",
				);
				PRODUCT_BUNDLE_IDENTIFIER = "JANTEL-CORP.UnitConvertTests";
				PRODUCT_NAME = "$(TARGET_NAME)";
				SWIFT_VERSION = 5.0;
				TARGETED_DEVICE_FAMILY = "1,2";
				TEST_HOST = "$(BUILT_PRODUCTS_DIR)/UnitConvert.app/UnitConvert";
			};
			name = Debug;
		};
		217817A825C2F82200D38994 /* Release */ = {
			isa = XCBuildConfiguration;
			buildSettings = {
				ALWAYS_EMBED_SWIFT_STANDARD_LIBRARIES = YES;
				BUNDLE_LOADER = "$(TEST_HOST)";
				CODE_SIGN_STYLE = Automatic;
				DEVELOPMENT_TEAM = GL92UNQ3FG;
				INFOPLIST_FILE = UnitConvertTests/Info.plist;
				IPHONEOS_DEPLOYMENT_TARGET = 14.4;
				LD_RUNPATH_SEARCH_PATHS = (
					"$(inherited)",
					"@executable_path/Frameworks",
					"@loader_path/Frameworks",
				);
				PRODUCT_BUNDLE_IDENTIFIER = "JANTEL-CORP.UnitConvertTests";
				PRODUCT_NAME = "$(TARGET_NAME)";
				SWIFT_VERSION = 5.0;
				TARGETED_DEVICE_FAMILY = "1,2";
				TEST_HOST = "$(BUILT_PRODUCTS_DIR)/UnitConvert.app/UnitConvert";
			};
			name = Release;
		};
		217817AA25C2F82200D38994 /* Debug */ = {
			isa = XCBuildConfiguration;
			buildSettings = {
				ALWAYS_EMBED_SWIFT_STANDARD_LIBRARIES = YES;
				CODE_SIGN_STYLE = Automatic;
				DEVELOPMENT_TEAM = GL92UNQ3FG;
				INFOPLIST_FILE = UnitConvertUITests/Info.plist;
				LD_RUNPATH_SEARCH_PATHS = (
					"$(inherited)",
					"@executable_path/Frameworks",
					"@loader_path/Frameworks",
				);
				PRODUCT_BUNDLE_IDENTIFIER = "JANTEL-CORP.UnitConvertUITests";
				PRODUCT_NAME = "$(TARGET_NAME)";
				SWIFT_VERSION = 5.0;
				TARGETED_DEVICE_FAMILY = "1,2";
				TEST_TARGET_NAME = UnitConvert;
			};
			name = Debug;
		};
		217817AB25C2F82200D38994 /* Release */ = {
			isa = XCBuildConfiguration;
			buildSettings = {
				ALWAYS_EMBED_SWIFT_STANDARD_LIBRARIES = YES;
				CODE_SIGN_STYLE = Automatic;
				DEVELOPMENT_TEAM = GL92UNQ3FG;
				INFOPLIST_FILE = UnitConvertUITests/Info.plist;
				LD_RUNPATH_SEARCH_PATHS = (
					"$(inherited)",
					"@executable_path/Frameworks",
					"@loader_path/Frameworks",
				);
				PRODUCT_BUNDLE_IDENTIFIER = "JANTEL-CORP.UnitConvertUITests";
				PRODUCT_NAME = "$(TARGET_NAME)";
				SWIFT_VERSION = 5.0;
				TARGETED_DEVICE_FAMILY = "1,2";
				TEST_TARGET_NAME = UnitConvert;
			};
			name = Release;
		};
/* End XCBuildConfiguration section */

/* Begin XCConfigurationList section */
		2178177425C2F81D00D38994 /* Build configuration list for PBXProject "UnitConvert" */ = {
			isa = XCConfigurationList;
			buildConfigurations = (
				217817A125C2F82200D38994 /* Debug */,
				217817A225C2F82200D38994 /* Release */,
			);
			defaultConfigurationIsVisible = 0;
			defaultConfigurationName = Release;
		};
		217817A325C2F82200D38994 /* Build configuration list for PBXNativeTarget "UnitConvert" */ = {
			isa = XCConfigurationList;
			buildConfigurations = (
				217817A425C2F82200D38994 /* Debug */,
				217817A525C2F82200D38994 /* Release */,
			);
			defaultConfigurationIsVisible = 0;
			defaultConfigurationName = Release;
		};
		217817A625C2F82200D38994 /* Build configuration list for PBXNativeTarget "UnitConvertTests" */ = {
			isa = XCConfigurationList;
			buildConfigurations = (
				217817A725C2F82200D38994 /* Debug */,
				217817A825C2F82200D38994 /* Release */,
			);
			defaultConfigurationIsVisible = 0;
			defaultConfigurationName = Release;
		};
		217817A925C2F82200D38994 /* Build configuration list for PBXNativeTarget "UnitConvertUITests" */ = {
			isa = XCConfigurationList;
			buildConfigurations = (
				217817AA25C2F82200D38994 /* Debug */,
				217817AB25C2F82200D38994 /* Release */,
			);
			defaultConfigurationIsVisible = 0;
			defaultConfigurationName = Release;
		};
/* End XCConfigurationList section */
	};
	rootObject = 2178177125C2F81D00D38994 /* Project object */;
}
